
Microsoft Visual Studio Solution File, Format Version 12.00
# Visual Studio Version 17
VisualStudioVersion = 17.13.35931.197 d17.13
MinimumVisualStudioVersion = 10.0.40219.1
Project("{FAE04EC0-301F-11D3-BF4B-00C04F79EFBC}") = "dead2", "dead2\dead2.csproj", "{91030066-0ED7-4A11-BE05-71A4C7D7276F}"
EndProject
Global
	GlobalSection(SolutionConfigurationPlatforms) = preSolution
		Debug|Any CPU = Debug|Any CPU
		Debug|x64 = Debug|x64
		Release|Any CPU = Release|Any CPU
		Release|x64 = Release|x64
		sasa|Any CPU = sasa|Any CPU
		sasa|x64 = sasa|x64
	EndGlobalSection
	GlobalSection(ProjectConfigurationPlatforms) = postSolution
		{91030066-0ED7-4A11-BE05-71A4C7D7276F}.Debug|Any CPU.ActiveCfg = Debug|Any CPU
		{91030066-0ED7-4A11-BE05-71A4C7D7276F}.Debug|Any CPU.Build.0 = Debug|Any CPU
		{91030066-0ED7-4A11-BE05-71A4C7D7276F}.Debug|x64.ActiveCfg = Debug|x64
		{91030066-0ED7-4A11-BE05-71A4C7D7276F}.Debug|x64.Build.0 = Debug|x64
		{91030066-0ED7-4A11-BE05-71A4C7D7276F}.Release|Any CPU.ActiveCfg = Release|Any CPU
		{91030066-0ED7-4A11-BE05-71A4C7D7276F}.Release|Any CPU.Build.0 = Release|Any CPU
		{91030066-0ED7-4A11-BE05-71A4C7D7276F}.Release|x64.ActiveCfg = Release|x64
		{91030066-0ED7-4A11-BE05-71A4C7D7276F}.Release|x64.Build.0 = Release|x64
		{91030066-0ED7-4A11-BE05-71A4C7D7276F}.sasa|Any CPU.ActiveCfg = sasa|Any CPU
		{91030066-0ED7-4A11-BE05-71A4C7D7276F}.sasa|Any CPU.Build.0 = sasa|Any CPU
		{91030066-0ED7-4A11-BE05-71A4C7D7276F}.sasa|x64.ActiveCfg = Debug|x64
		{91030066-0ED7-4A11-BE05-71A4C7D7276F}.sasa|x64.Build.0 = Debug|x64
	EndGlobalSection
	GlobalSection(SolutionProperties) = preSolution
		HideSolutionNode = FALSE
	EndGlobalSection
	GlobalSection(ExtensibilityGlobals) = postSolution
		SolutionGuid = {40F00B91-FA4F-4EDD-B8FF-8D8041C9EC71}
	EndGlobalSection
EndGlobal
